
Microsoft Visual Studio Solution File, Format Version 12.00
# Visual Studio Version 17
VisualStudioVersion = 17.14.36301.6 d17.14
MinimumVisualStudioVersion = 10.0.40219.1
Project("{FAE04EC0-301F-11D3-BF4B-00C04F79EFBC}") = "NugetSample.HiIshii", "NugetSample.HiIshii\NugetSample.HiIshii.csproj", "{9A95031E-9DD0-4C61-82A4-86F872CE84F1}"
EndProject
Global
	GlobalSection(SolutionConfigurationPlatforms) = preSolution
		Debug|Any CPU = Debug|Any CPU
		Release|Any CPU = Release|Any CPU
	EndGlobalSection
	GlobalSection(ProjectConfigurationPlatforms) = postSolution
		{9A95031E-9DD0-4C61-82A4-86F872CE84F1}.Debug|Any CPU.ActiveCfg = Debug|Any CPU
		{9A95031E-9DD0-4C61-82A4-86F872CE84F1}.Debug|Any CPU.Build.0 = Debug|Any CPU
		{9A95031E-9DD0-4C61-82A4-86F872CE84F1}.Release|Any CPU.ActiveCfg = Release|Any CPU
		{9A95031E-9DD0-4C61-82A4-86F872CE84F1}.Release|Any CPU.Build.0 = Release|Any CPU
	EndGlobalSection
	GlobalSection(SolutionProperties) = preSolution
		HideSolutionNode = FALSE
	EndGlobalSection
	GlobalSection(ExtensibilityGlobals) = postSolution
		SolutionGuid = {02C84F3E-134E-41C6-BE0F-4E11A4371EB0}
	EndGlobalSection
EndGlobal
